
Microsoft Visual Studio Solution File, Format Version 12.00
# Visual Studio Version 17
VisualStudioVersion = 17.11.35312.102
MinimumVisualStudioVersion = 10.0.40219.1
Project("{FAE04EC0-301F-11D3-BF4B-00C04F79EFBC}") = "dipwebapp", "dipwebapp.csproj", "{64A94D2E-EC1A-420F-B1F4-BD00B8604B11}"
EndProject
Global
	GlobalSection(SolutionConfigurationPlatforms) = preSolution
		Debug|Any CPU = Debug|Any CPU
		Release|Any CPU = Release|Any CPU
	EndGlobalSection
	GlobalSection(ProjectConfigurationPlatforms) = postSolution
		{64A94D2E-EC1A-420F-B1F4-BD00B8604B11}.Debug|Any CPU.ActiveCfg = Debug|Any CPU
		{64A94D2E-EC1A-420F-B1F4-BD00B8604B11}.Debug|Any CPU.Build.0 = Debug|Any CPU
		{64A94D2E-EC1A-420F-B1F4-BD00B8604B11}.Release|Any CPU.ActiveCfg = Release|Any CPU
		{64A94D2E-EC1A-420F-B1F4-BD00B8604B11}.Release|Any CPU.Build.0 = Release|Any CPU
	EndGlobalSection
	GlobalSection(SolutionProperties) = preSolution
		HideSolutionNode = FALSE
	EndGlobalSection
	GlobalSection(ExtensibilityGlobals) = postSolution
		SolutionGuid = {1CC51C02-BDAB-4A15-BB3F-4833278DA06E}
	EndGlobalSection
EndGlobal
